
Microsoft Visual Studio Solution File, Format Version 12.00
# Visual Studio Version 17
VisualStudioVersion = 17.14.36202.13 d17.14
MinimumVisualStudioVersion = 10.0.40219.1
Project("{FAE04EC0-301F-11D3-BF4B-00C04F79EFBC}") = "backend", "backend\backend.csproj", "{F54C1416-767B-4319-8D9E-F512E0DFC8F9}"
EndProject
Global
	GlobalSection(SolutionConfigurationPlatforms) = preSolution
		Debug|Any CPU = Debug|Any CPU
		Release|Any CPU = Release|Any CPU
	EndGlobalSection
	GlobalSection(ProjectConfigurationPlatforms) = postSolution
		{F54C1416-767B-4319-8D9E-F512E0DFC8F9}.Debug|Any CPU.ActiveCfg = Debug|Any CPU
		{F54C1416-767B-4319-8D9E-F512E0DFC8F9}.Debug|Any CPU.Build.0 = Debug|Any CPU
		{F54C1416-767B-4319-8D9E-F512E0DFC8F9}.Release|Any CPU.ActiveCfg = Release|Any CPU
		{F54C1416-767B-4319-8D9E-F512E0DFC8F9}.Release|Any CPU.Build.0 = Release|Any CPU
	EndGlobalSection
	GlobalSection(SolutionProperties) = preSolution
		HideSolutionNode = FALSE
	EndGlobalSection
	GlobalSection(ExtensibilityGlobals) = postSolution
		SolutionGuid = {BD34B779-AB8A-405E-9456-C87D242D55EC}
	EndGlobalSection
EndGlobal
